
Microsoft Visual Studio Solution File, Format Version 12.00
# Visual Studio 15
VisualStudioVersion = 15.0.28307.421
MinimumVisualStudioVersion = 10.0.40219.1
Project("{FAE04EC0-301F-11D3-BF4B-00C04F79EFBC}") = "Database", "Database\Database.csproj", "{CA206593-9785-4C8A-8E9B-8FE5ADB1B9EF}"
EndProject
Global
	GlobalSection(SolutionConfigurationPlatforms) = preSolution
		Debug|Any CPU = Debug|Any CPU
		Release|Any CPU = Release|Any CPU
	EndGlobalSection
	GlobalSection(ProjectConfigurationPlatforms) = postSolution
		{CA206593-9785-4C8A-8E9B-8FE5ADB1B9EF}.Debug|Any CPU.ActiveCfg = Debug|Any CPU
		{CA206593-9785-4C8A-8E9B-8FE5ADB1B9EF}.Debug|Any CPU.Build.0 = Debug|Any CPU
		{CA206593-9785-4C8A-8E9B-8FE5ADB1B9EF}.Release|Any CPU.ActiveCfg = Release|Any CPU
		{CA206593-9785-4C8A-8E9B-8FE5ADB1B9EF}.Release|Any CPU.Build.0 = Release|Any CPU
	EndGlobalSection
	GlobalSection(SolutionProperties) = preSolution
		HideSolutionNode = FALSE
	EndGlobalSection
	GlobalSection(ExtensibilityGlobals) = postSolution
		SolutionGuid = {DDB04C60-0A65-4238-850A-F3D24C50A117}
	EndGlobalSection
EndGlobal
